
Microsoft Visual Studio Solution File, Format Version 12.00
# Visual Studio Version 16
VisualStudioVersion = 16.0.31729.503
MinimumVisualStudioVersion = 10.0.40219.1
Project("{FAE04EC0-301F-11D3-BF4B-00C04F79EFBC}") = "QAProj2", "QAProj2\QAProj2.csproj", "{C1DAECAD-692E-497A-A38F-90D5682C8535}"
EndProject
Global
	GlobalSection(SolutionConfigurationPlatforms) = preSolution
		Debug|Any CPU = Debug|Any CPU
		Release|Any CPU = Release|Any CPU
	EndGlobalSection
	GlobalSection(ProjectConfigurationPlatforms) = postSolution
		{C1DAECAD-692E-497A-A38F-90D5682C8535}.Debug|Any CPU.ActiveCfg = Debug|Any CPU
		{C1DAECAD-692E-497A-A38F-90D5682C8535}.Debug|Any CPU.Build.0 = Debug|Any CPU
		{C1DAECAD-692E-497A-A38F-90D5682C8535}.Release|Any CPU.ActiveCfg = Release|Any CPU
		{C1DAECAD-692E-497A-A38F-90D5682C8535}.Release|Any CPU.Build.0 = Release|Any CPU
	EndGlobalSection
	GlobalSection(SolutionProperties) = preSolution
		HideSolutionNode = FALSE
	EndGlobalSection
	GlobalSection(ExtensibilityGlobals) = postSolution
		SolutionGuid = {CFD6445E-A91C-4A3E-8C1C-8905DA73B43F}
	EndGlobalSection
EndGlobal
